
Microsoft Visual Studio Solution File, Format Version 12.00
Project("{2150E333-8FDC-42A3-9474-1A3956D46DE8}") = "Solution Items", "Solution Items", "{5CCC421A-BD39-4ABE-8464-7D43A2AB845A}"
	ProjectSection(SolutionItems) = preProject
		.gitignore = .gitignore
	EndProjectSection
EndProject
Project("{2150E333-8FDC-42A3-9474-1A3956D46DE8}") = "src", "src", "{82AE44F9-7BB8-4102-A876-A6D9BD5CFE56}"
EndProject
Project("{FAE04EC0-301F-11D3-BF4B-00C04F79EFBC}") = "Workflow.Api", "src\Workflow.Api\Workflow.Api.csproj", "{A4AB5F71-D1BF-4ED0-BDD4-2B06CE65BE9A}"
EndProject
Global
	GlobalSection(SolutionConfigurationPlatforms) = preSolution
		Debug|Any CPU = Debug|Any CPU
		Release|Any CPU = Release|Any CPU
	EndGlobalSection
	GlobalSection(NestedProjects) = preSolution
		{A4AB5F71-D1BF-4ED0-BDD4-2B06CE65BE9A} = {82AE44F9-7BB8-4102-A876-A6D9BD5CFE56}
	EndGlobalSection
	GlobalSection(ProjectConfigurationPlatforms) = postSolution
		{A4AB5F71-D1BF-4ED0-BDD4-2B06CE65BE9A}.Debug|Any CPU.ActiveCfg = Debug|Any CPU
		{A4AB5F71-D1BF-4ED0-BDD4-2B06CE65BE9A}.Debug|Any CPU.Build.0 = Debug|Any CPU
		{A4AB5F71-D1BF-4ED0-BDD4-2B06CE65BE9A}.Release|Any CPU.ActiveCfg = Release|Any CPU
		{A4AB5F71-D1BF-4ED0-BDD4-2B06CE65BE9A}.Release|Any CPU.Build.0 = Release|Any CPU
	EndGlobalSection
EndGlobal
